// !$*UTF8*$!
{
	archiveVersion = 1;
	classes = {
	};
	objectVersion = 56;
	objects = {

/* Begin PBXBuildFile section */
		48A03E12D74CAB6BD2E9C2AB /* GameLibApp.swift in Sources */ = {isa = PBXBuildFile; fileRef = 9C0F0E2B8586276CF28CDA4E /* GameLibApp.swift */; };
		6D4011240F7268FE4CF05D6C /* SteamAccount.swift in Sources */ = {isa = PBXBuildFile; fileRef = 61B6C457F5825B2152BD8DD7 /* SteamAccount.swift */; };
		2C14F3CE39FC293AE2B94E88 /* SteamGame.swift in Sources */ = {isa = PBXBuildFile; fileRef = 846F30E592EC7B868F8C938B /* SteamGame.swift */; };
		E39B0114D8F6D7A555FDC230 /* SteamAppDetails.swift in Sources */ = {isa = PBXBuildFile; fileRef = FAB0FC109F40F279A54612D6 /* SteamAppDetails.swift */; };
		53300278FDFD606D45439093 /* KeychainStore.swift in Sources */ = {isa = PBXBuildFile; fileRef = 1BE81E5E984F72BE4B08766F /* KeychainStore.swift */; };
		C7E42892C93542AA10F612C7 /* SteamWebAPI.swift in Sources */ = {isa = PBXBuildFile; fileRef = 589F65F11CB38C9F0DEFCDAA /* SteamWebAPI.swift */; };
		0ABB9A5DED3540062F28CAE5 /* SteamStoreAPI.swift in Sources */ = {isa = PBXBuildFile; fileRef = 812EDFCAB8CF33CAC748F9E4 /* SteamStoreAPI.swift */; };
		7FC7D0092D01DB9A2E27D5A3 /* SteamOpenIDService.swift in Sources */ = {isa = PBXBuildFile; fileRef = AA5E0E0C86C4970E49ABD027 /* SteamOpenIDService.swift */; };
		E4F6F375B22A6B5895570653 /* AuthViewModel.swift in Sources */ = {isa = PBXBuildFile; fileRef = 2017B770355065543DD7A462 /* AuthViewModel.swift */; };
		BDD6FE018BE50CFDB0BACF8F /* LibraryViewModel.swift in Sources */ = {isa = PBXBuildFile; fileRef = FF990C27DDC844E84925A890 /* LibraryViewModel.swift */; };
		0B61D15E055B720EBE7FC4E2 /* SteamLoginView.swift in Sources */ = {isa = PBXBuildFile; fileRef = 07FE8AAAFAB7714E8755CB49 /* SteamLoginView.swift */; };
		ACA6F493D4E97736149E3C57 /* GameCard.swift in Sources */ = {isa = PBXBuildFile; fileRef = C70204731F5CE5419BC4F613 /* GameCard.swift */; };
		17A247398846426A8448B5EE /* LibraryView.swift in Sources */ = {isa = PBXBuildFile; fileRef = BB2EC385A853802275448259 /* LibraryView.swift */; };
		E1CBD12ED9479AEEC23EC33F /* CoverImageView.swift in Sources */ = {isa = PBXBuildFile; fileRef = AA6586F7E6BCC9300B6A5C7B /* CoverImageView.swift */; };
		2A0371C50D1563769C1C8C03 /* StatChip.swift in Sources */ = {isa = PBXBuildFile; fileRef = 7245DF6BBA988774B2E54EB1 /* StatChip.swift */; };
		4731A1289D03D25D640F2480 /* Assets.xcassets in Resources */ = {isa = PBXBuildFile; fileRef = BC5BB8D47F69B54DDD256D38 /* Assets.xcassets */; };
/* End PBXBuildFile section */

/* Begin PBXFileReference section */
		9C0F0E2B8586276CF28CDA4E /* GameLibApp.swift */ = {isa = PBXFileReference; lastKnownFileType = sourcecode.swift; path = GameLibApp.swift; sourceTree = "<group>"; };
		7852AAD434833E58B6B7E734 /* Info.plist */ = {isa = PBXFileReference; lastKnownFileType = text.plist.xml; path = Info.plist; sourceTree = "<group>"; };
		61B6C457F5825B2152BD8DD7 /* SteamAccount.swift */ = {isa = PBXFileReference; lastKnownFileType = sourcecode.swift; path = SteamAccount.swift; sourceTree = "<group>"; };
		846F30E592EC7B868F8C938B /* SteamGame.swift */ = {isa = PBXFileReference; lastKnownFileType = sourcecode.swift; path = SteamGame.swift; sourceTree = "<group>"; };
		FAB0FC109F40F279A54612D6 /* SteamAppDetails.swift */ = {isa = PBXFileReference; lastKnownFileType = sourcecode.swift; path = SteamAppDetails.swift; sourceTree = "<group>"; };
		1BE81E5E984F72BE4B08766F /* KeychainStore.swift */ = {isa = PBXFileReference; lastKnownFileType = sourcecode.swift; path = KeychainStore.swift; sourceTree = "<group>"; };
		589F65F11CB38C9F0DEFCDAA /* SteamWebAPI.swift */ = {isa = PBXFileReference; lastKnownFileType = sourcecode.swift; path = SteamWebAPI.swift; sourceTree = "<group>"; };
		812EDFCAB8CF33CAC748F9E4 /* SteamStoreAPI.swift */ = {isa = PBXFileReference; lastKnownFileType = sourcecode.swift; path = SteamStoreAPI.swift; sourceTree = "<group>"; };
		AA5E0E0C86C4970E49ABD027 /* SteamOpenIDService.swift */ = {isa = PBXFileReference; lastKnownFileType = sourcecode.swift; path = SteamOpenIDService.swift; sourceTree = "<group>"; };
		2017B770355065543DD7A462 /* AuthViewModel.swift */ = {isa = PBXFileReference; lastKnownFileType = sourcecode.swift; path = AuthViewModel.swift; sourceTree = "<group>"; };
		FF990C27DDC844E84925A890 /* LibraryViewModel.swift */ = {isa = PBXFileReference; lastKnownFileType = sourcecode.swift; path = LibraryViewModel.swift; sourceTree = "<group>"; };
		07FE8AAAFAB7714E8755CB49 /* SteamLoginView.swift */ = {isa = PBXFileReference; lastKnownFileType = sourcecode.swift; path = SteamLoginView.swift; sourceTree = "<group>"; };
		C70204731F5CE5419BC4F613 /* GameCard.swift */ = {isa = PBXFileReference; lastKnownFileType = sourcecode.swift; path = GameCard.swift; sourceTree = "<group>"; };
		BB2EC385A853802275448259 /* LibraryView.swift */ = {isa = PBXFileReference; lastKnownFileType = sourcecode.swift; path = LibraryView.swift; sourceTree = "<group>"; };
		AA6586F7E6BCC9300B6A5C7B /* CoverImageView.swift */ = {isa = PBXFileReference; lastKnownFileType = sourcecode.swift; path = CoverImageView.swift; sourceTree = "<group>"; };
		7245DF6BBA988774B2E54EB1 /* StatChip.swift */ = {isa = PBXFileReference; lastKnownFileType = sourcecode.swift; path = StatChip.swift; sourceTree = "<group>"; };
		BC5BB8D47F69B54DDD256D38 /* Assets.xcassets */ = {isa = PBXFileReference; lastKnownFileType = folder.assetcatalog; path = Assets.xcassets; sourceTree = "<group>"; };
		A37AE70A6DB2AD845146F5D4 /* GameLib.app */ = {isa = PBXFileReference; explicitFileType = wrapper.application; includeInIndex = 0; path = GameLib.app; sourceTree = BUILT_PRODUCTS_DIR; };
/* End PBXFileReference section */

/* Begin PBXFrameworksBuildPhase section */
		2A7A26ED66482B2F35564E3D /* Frameworks */ = {
			isa = PBXFrameworksBuildPhase;
			buildActionMask = 2147483647;
			files = (
			);
			runOnlyForDeploymentPostprocessing = 0;
		};
/* End PBXFrameworksBuildPhase section */

/* Begin PBXGroup section */
		2BB1631BD970BC90BB54A24D = {
			isa = PBXGroup;
			children = (
				DB9A977D581FAFA3F7947398 /* GameLib */,
				0DF6E762391828BAE9887270 /* Products */,
			);
			sourceTree = "<group>";
		};
		DB9A977D581FAFA3F7947398 /* GameLib */ = {
			isa = PBXGroup;
			children = (
				9C0F0E2B8586276CF28CDA4E /* GameLibApp.swift */,
				7852AAD434833E58B6B7E734 /* Info.plist */,
				8C9F41013986C1424DAFAC61 /* Models */,
				A13E73BF5F118E896AAA258E /* Services */,
				AB0C161034FC701350D8B74B /* ViewModels */,
				121D3BEEAFDC0D32A2F41EAE /* Views */,
				12D5F8B016FC196533AC2C91 /* Resources */,
			);
			path = GameLib;
			sourceTree = "<group>";
		};
		0DF6E762391828BAE9887270 /* Products */ = {
			isa = PBXGroup;
			children = (
				A37AE70A6DB2AD845146F5D4 /* GameLib.app */,
			);
			name = Products;
			sourceTree = "<group>";
		};
		8C9F41013986C1424DAFAC61 /* Models */ = {
			isa = PBXGroup;
			children = (
				61B6C457F5825B2152BD8DD7 /* SteamAccount.swift */,
				846F30E592EC7B868F8C938B /* SteamGame.swift */,
				FAB0FC109F40F279A54612D6 /* SteamAppDetails.swift */,
			);
			path = Models;
			sourceTree = "<group>";
		};
		A13E73BF5F118E896AAA258E /* Services */ = {
			isa = PBXGroup;
			children = (
				1BE81E5E984F72BE4B08766F /* KeychainStore.swift */,
				589F65F11CB38C9F0DEFCDAA /* SteamWebAPI.swift */,
				812EDFCAB8CF33CAC748F9E4 /* SteamStoreAPI.swift */,
				AA5E0E0C86C4970E49ABD027 /* SteamOpenIDService.swift */,
			);
			path = Services;
			sourceTree = "<group>";
		};
		AB0C161034FC701350D8B74B /* ViewModels */ = {
			isa = PBXGroup;
			children = (
				2017B770355065543DD7A462 /* AuthViewModel.swift */,
				FF990C27DDC844E84925A890 /* LibraryViewModel.swift */,
			);
			path = ViewModels;
			sourceTree = "<group>";
		};
		121D3BEEAFDC0D32A2F41EAE /* Views */ = {
			isa = PBXGroup;
			children = (
				150E014AEE1A7D9B58480281 /* Auth */,
				4E76F31AD5943833BEFF1FC5 /* Library */,
				B29698E16A6E96479F811EC6 /* Shared */,
			);
			path = Views;
			sourceTree = "<group>";
		};
		150E014AEE1A7D9B58480281 /* Auth */ = {
			isa = PBXGroup;
			children = (
				07FE8AAAFAB7714E8755CB49 /* SteamLoginView.swift */,
			);
			path = Auth;
			sourceTree = "<group>";
		};
		4E76F31AD5943833BEFF1FC5 /* Library */ = {
			isa = PBXGroup;
			children = (
				C70204731F5CE5419BC4F613 /* GameCard.swift */,
				BB2EC385A853802275448259 /* LibraryView.swift */,
			);
			path = Library;
			sourceTree = "<group>";
		};
		B29698E16A6E96479F811EC6 /* Shared */ = {
			isa = PBXGroup;
			children = (
				AA6586F7E6BCC9300B6A5C7B /* CoverImageView.swift */,
				7245DF6BBA988774B2E54EB1 /* StatChip.swift */,
			);
			path = Shared;
			sourceTree = "<group>";
		};
		12D5F8B016FC196533AC2C91 /* Resources */ = {
			isa = PBXGroup;
			children = (
				BC5BB8D47F69B54DDD256D38 /* Assets.xcassets */,
			);
			path = Resources;
			sourceTree = "<group>";
		};
/* End PBXGroup section */

/* Begin PBXNativeTarget section */
		888A4005E5812F1E1DFE25C1 /* GameLib */ = {
			isa = PBXNativeTarget;
			buildConfigurationList = 09994D2EA0E611A98F8E8D85 /* Build configuration list for PBXNativeTarget "GameLib" */;
			buildPhases = (
				2805BBDA7953FD73C1849C74 /* Sources */,
				2A7A26ED66482B2F35564E3D /* Frameworks */,
				1DC63C619C7338E6A69CD7A4 /* Resources */,
			);
			buildRules = (
			);
			dependencies = (
			);
			name = GameLib;
			productName = GameLib;
			productReference = A37AE70A6DB2AD845146F5D4 /* GameLib.app */;
			productType = "com.apple.product-type.application";
		};
/* End PBXNativeTarget section */

/* Begin PBXProject section */
		D1C04E2689E73A8821502BC1 /* Project object */ = {
			isa = PBXProject;
			attributes = {
				BuildIndependentTargetsInParallel = 1;
				LastSwiftUpdateCheck = 1600;
				LastUpgradeCheck = 1600;
				TargetAttributes = {
					888A4005E5812F1E1DFE25C1 = {
						CreatedOnToolsVersion = 16.0;
					};
				};
			};
			buildConfigurationList = 37D7FA1EE151EE4F2EE7C995 /* Build configuration list for PBXProject "GameLib" */;
			compatibilityVersion = "Xcode 14.0";
			developmentRegion = de;
			hasScannedForEncodings = 0;
			knownRegions = (
				de,
				Base,
			);
			mainGroup = 2BB1631BD970BC90BB54A24D;
			productRefGroup = 0DF6E762391828BAE9887270 /* Products */;
			projectDirPath = "";
			projectRoot = "";
			targets = (
				888A4005E5812F1E1DFE25C1 /* GameLib */,
			);
		};
/* End PBXProject section */

/* Begin PBXResourcesBuildPhase section */
		1DC63C619C7338E6A69CD7A4 /* Resources */ = {
			isa = PBXResourcesBuildPhase;
			buildActionMask = 2147483647;
			files = (
				4731A1289D03D25D640F2480 /* Assets.xcassets in Resources */,
			);
			runOnlyForDeploymentPostprocessing = 0;
		};
/* End PBXResourcesBuildPhase section */

/* Begin PBXSourcesBuildPhase section */
		2805BBDA7953FD73C1849C74 /* Sources */ = {
			isa = PBXSourcesBuildPhase;
			buildActionMask = 2147483647;
			files = (
				48A03E12D74CAB6BD2E9C2AB /* GameLibApp.swift in Sources */,
				6D4011240F7268FE4CF05D6C /* SteamAccount.swift in Sources */,
				2C14F3CE39FC293AE2B94E88 /* SteamGame.swift in Sources */,
				E39B0114D8F6D7A555FDC230 /* SteamAppDetails.swift in Sources */,
				53300278FDFD606D45439093 /* KeychainStore.swift in Sources */,
				C7E42892C93542AA10F612C7 /* SteamWebAPI.swift in Sources */,
				0ABB9A5DED3540062F28CAE5 /* SteamStoreAPI.swift in Sources */,
				7FC7D0092D01DB9A2E27D5A3 /* SteamOpenIDService.swift in Sources */,
				E4F6F375B22A6B5895570653 /* AuthViewModel.swift in Sources */,
				BDD6FE018BE50CFDB0BACF8F /* LibraryViewModel.swift in Sources */,
				0B61D15E055B720EBE7FC4E2 /* SteamLoginView.swift in Sources */,
				ACA6F493D4E97736149E3C57 /* GameCard.swift in Sources */,
				17A247398846426A8448B5EE /* LibraryView.swift in Sources */,
				E1CBD12ED9479AEEC23EC33F /* CoverImageView.swift in Sources */,
				2A0371C50D1563769C1C8C03 /* StatChip.swift in Sources */,
			);
			runOnlyForDeploymentPostprocessing = 0;
		};
/* End PBXSourcesBuildPhase section */

/* Begin XCBuildConfiguration section */
		F531008FD0B64060ECB360EA /* Debug */ = {
			isa = XCBuildConfiguration;
			buildSettings = {
				ALWAYS_SEARCH_USER_PATHS = NO;
				CLANG_ANALYZER_NONNULL = YES;
				CLANG_ANALYZER_NUMBER_OBJECT_CONVERSION = YES_AGGRESSIVE;
				CLANG_CXX_LANGUAGE_STANDARD = "gnu++20";
				CLANG_ENABLE_MODULES = YES;
				CLANG_ENABLE_OBJC_ARC = YES;
				CLANG_ENABLE_OBJC_WEAK = YES;
				CLANG_WARN_BLOCK_CAPTURE_AUTORELEASING = YES;
				CLANG_WARN_BOOL_CONVERSION = YES;
				CLANG_WARN_COMMA = YES;
				CLANG_WARN_CONSTANT_CONVERSION = YES;
				CLANG_WARN_DEPRECATED_OBJC_IMPLEMENTATIONS = YES;
				CLANG_WARN_DIRECT_OBJC_ISA_USAGE = YES_ERROR;
				CLANG_WARN_DOCUMENTATION_COMMENTS = YES;
				CLANG_WARN_EMPTY_BODY = YES;
				CLANG_WARN_ENUM_CONVERSION = YES;
				CLANG_WARN_INFINITE_RECURSION = YES;
				CLANG_WARN_INT_CONVERSION = YES;
				CLANG_WARN_NON_LITERAL_NULL_CONVERSION = YES;
				CLANG_WARN_OBJC_IMPLICIT_RETAIN_SELF = YES;
				CLANG_WARN_OBJC_LITERAL_CONVERSION = YES;
				CLANG_WARN_OBJC_ROOT_CLASS = YES_ERROR;
				CLANG_WARN_QUOTED_INCLUDE_IN_FRAMEWORK_HEADER = YES;
				CLANG_WARN_RANGE_LOOP_ANALYSIS = YES;
				CLANG_WARN_STRICT_PROTOTYPES = YES;
				CLANG_WARN_SUSPICIOUS_MOVE = YES;
				CLANG_WARN_UNGUARDED_AVAILABILITY = YES_AGGRESSIVE;
				CLANG_WARN_UNREACHABLE_CODE = YES;
				CLANG_WARN__DUPLICATE_METHOD_MATCH = YES;
				COPY_PHASE_STRIP = NO;
				DEBUG_INFORMATION_FORMAT = dwarf;
				ENABLE_STRICT_OBJC_MSGSEND = YES;
				ENABLE_TESTABILITY = YES;
				GCC_C_LANGUAGE_STANDARD = gnu17;
				GCC_DYNAMIC_NO_PIC = NO;
				GCC_NO_COMMON_BLOCKS = YES;
				GCC_OPTIMIZATION_LEVEL = 0;
				GCC_PREPROCESSOR_DEFINITIONS = (
					"DEBUG=1",
					"$(inherited)",
				);
				GCC_WARN_64_TO_32_BIT_CONVERSION = YES;
				GCC_WARN_ABOUT_RETURN_TYPE = YES_ERROR;
				GCC_WARN_UNDECLARED_SELECTOR = YES;
				GCC_WARN_UNINITIALIZED_AUTOS = YES_AGGRESSIVE;
				GCC_WARN_UNUSED_FUNCTION = YES;
				GCC_WARN_UNUSED_VARIABLE = YES;
				IPHONEOS_DEPLOYMENT_TARGET = 17.0;
				MTL_ENABLE_DEBUG_INFO = INCLUDE_SOURCE;
				MTL_FAST_MATH = YES;
				ONLY_ACTIVE_ARCH = YES;
				SDKROOT = iphoneos;
				SWIFT_ACTIVE_COMPILATION_CONDITIONS = DEBUG;
				SWIFT_OPTIMIZATION_LEVEL = "-Onone";
			};
			name = Debug;
		};
		6C2C560D46247C5C0EB4A208 /* Release */ = {
			isa = XCBuildConfiguration;
			buildSettings = {
				ALWAYS_SEARCH_USER_PATHS = NO;
				CLANG_ANALYZER_NONNULL = YES;
				CLANG_ANALYZER_NUMBER_OBJECT_CONVERSION = YES_AGGRESSIVE;
				CLANG_CXX_LANGUAGE_STANDARD = "gnu++20";
				CLANG_ENABLE_MODULES = YES;
				CLANG_ENABLE_OBJC_ARC = YES;
				CLANG_ENABLE_OBJC_WEAK = YES;
				CLANG_WARN_BLOCK_CAPTURE_AUTORELEASING = YES;
				CLANG_WARN_BOOL_CONVERSION = YES;
				CLANG_WARN_COMMA = YES;
				CLANG_WARN_CONSTANT_CONVERSION = YES;
				CLANG_WARN_DEPRECATED_OBJC_IMPLEMENTATIONS = YES;
				CLANG_WARN_DIRECT_OBJC_ISA_USAGE = YES_ERROR;
				CLANG_WARN_DOCUMENTATION_COMMENTS = YES;
				CLANG_WARN_EMPTY_BODY = YES;
				CLANG_WARN_ENUM_CONVERSION = YES;
				CLANG_WARN_INFINITE_RECURSION = YES;
				CLANG_WARN_INT_CONVERSION = YES;
				CLANG_WARN_NON_LITERAL_NULL_CONVERSION = YES;
				CLANG_WARN_OBJC_IMPLICIT_RETAIN_SELF = YES;
				CLANG_WARN_OBJC_LITERAL_CONVERSION = YES;
				CLANG_WARN_OBJC_ROOT_CLASS = YES_ERROR;
				CLANG_WARN_QUOTED_INCLUDE_IN_FRAMEWORK_HEADER = YES;
				CLANG_WARN_RANGE_LOOP_ANALYSIS = YES;
				CLANG_WARN_STRICT_PROTOTYPES = YES;
				CLANG_WARN_SUSPICIOUS_MOVE = YES;
				CLANG_WARN_UNGUARDED_AVAILABILITY = YES_AGGRESSIVE;
				CLANG_WARN_UNREACHABLE_CODE = YES;
				CLANG_WARN__DUPLICATE_METHOD_MATCH = YES;
				COPY_PHASE_STRIP = NO;
				DEBUG_INFORMATION_FORMAT = "dwarf-with-dsym";
				ENABLE_NS_ASSERTIONS = NO;
				ENABLE_STRICT_OBJC_MSGSEND = YES;
				GCC_C_LANGUAGE_STANDARD = gnu17;
				GCC_NO_COMMON_BLOCKS = YES;
				GCC_WARN_64_TO_32_BIT_CONVERSION = YES;
				GCC_WARN_ABOUT_RETURN_TYPE = YES_ERROR;
				GCC_WARN_UNDECLARED_SELECTOR = YES;
				GCC_WARN_UNINITIALIZED_AUTOS = YES_AGGRESSIVE;
				GCC_WARN_UNUSED_FUNCTION = YES;
				GCC_WARN_UNUSED_VARIABLE = YES;
				IPHONEOS_DEPLOYMENT_TARGET = 17.0;
				MTL_ENABLE_DEBUG_INFO = NO;
				MTL_FAST_MATH = YES;
				SDKROOT = iphoneos;
				SWIFT_COMPILATION_MODE = wholemodule;
				SWIFT_OPTIMIZATION_LEVEL = "-O";
				VALIDATE_PRODUCT = YES;
			};
			name = Release;
		};
		19795CD8822173B2A4E0B435 /* Debug */ = {
			isa = XCBuildConfiguration;
			buildSettings = {
				ASSETCATALOG_COMPILER_APPICON_NAME = AppIcon;
				ASSETCATALOG_COMPILER_GLOBAL_ACCENT_COLOR_NAME = AccentColor;
				CODE_SIGN_STYLE = Automatic;
				CURRENT_PROJECT_VERSION = 1;
				GENERATE_INFOPLIST_FILE = NO;
				INFOPLIST_FILE = GameLib/Info.plist;
				INFOPLIST_KEY_UIApplicationSupportsIndirectInputEvents = YES;
				IPHONEOS_DEPLOYMENT_TARGET = 17.0;
				LD_RUNPATH_SEARCH_PATHS = (
					"$(inherited)",
					"@executable_path/Frameworks",
				);
				MARKETING_VERSION = 1.0;
				PRODUCT_BUNDLE_IDENTIFIER = com.nicogamelib.gamelib;
				PRODUCT_NAME = "$(TARGET_NAME)";
				SWIFT_EMIT_LOC_STRINGS = YES;
				SWIFT_VERSION = 5.0;
				TARGETED_DEVICE_FAMILY = "1,2";
			};
			name = Debug;
		};
		9F59E3A402D6E996D293A89A /* Release */ = {
			isa = XCBuildConfiguration;
			buildSettings = {
				ASSETCATALOG_COMPILER_APPICON_NAME = AppIcon;
				ASSETCATALOG_COMPILER_GLOBAL_ACCENT_COLOR_NAME = AccentColor;
				CODE_SIGN_STYLE = Automatic;
				CURRENT_PROJECT_VERSION = 1;
				GENERATE_INFOPLIST_FILE = NO;
				INFOPLIST_FILE = GameLib/Info.plist;
				INFOPLIST_KEY_UIApplicationSupportsIndirectInputEvents = YES;
				IPHONEOS_DEPLOYMENT_TARGET = 17.0;
				LD_RUNPATH_SEARCH_PATHS = (
					"$(inherited)",
					"@executable_path/Frameworks",
				);
				MARKETING_VERSION = 1.0;
				PRODUCT_BUNDLE_IDENTIFIER = com.nicogamelib.gamelib;
				PRODUCT_NAME = "$(TARGET_NAME)";
				SWIFT_EMIT_LOC_STRINGS = YES;
				SWIFT_VERSION = 5.0;
				TARGETED_DEVICE_FAMILY = "1,2";
			};
			name = Release;
		};
/* End XCBuildConfiguration section */

/* Begin XCConfigurationList section */
		37D7FA1EE151EE4F2EE7C995 /* Build configuration list for PBXProject "GameLib" */ = {
			isa = XCConfigurationList;
			buildConfigurations = (
				F531008FD0B64060ECB360EA /* Debug */,
				6C2C560D46247C5C0EB4A208 /* Release */,
			);
			defaultConfigurationIsVisible = 0;
			defaultConfigurationName = Release;
		};
		09994D2EA0E611A98F8E8D85 /* Build configuration list for PBXNativeTarget "GameLib" */ = {
			isa = XCConfigurationList;
			buildConfigurations = (
				19795CD8822173B2A4E0B435 /* Debug */,
				9F59E3A402D6E996D293A89A /* Release */,
			);
			defaultConfigurationIsVisible = 0;
			defaultConfigurationName = Release;
		};
/* End XCConfigurationList section */
	};
	rootObject = D1C04E2689E73A8821502BC1 /* Project object */;
}
